
Microsoft Visual Studio Solution File, Format Version 12.00
# Visual Studio Version 17
VisualStudioVersion = 17.0.31903.59
MinimumVisualStudioVersion = 10.0.40219.1
Project("{2150E333-8FDC-42A3-9474-1A3956D46DE8}") = "src", "src", "{86D42D0B-BE8D-4BFC-83B7-75E4FB686114}"
EndProject
Project("{FAE04EC0-301F-11D3-BF4B-00C04F79EFBC}") = "RandomExtensions", "src\RandomExtensions\RandomExtensions.csproj", "{A030838F-567F-44FA-AA38-CFBF5BB13B9B}"
EndProject
Project("{2150E333-8FDC-42A3-9474-1A3956D46DE8}") = "sandbox", "sandbox", "{3973C834-D7F0-4FCB-A1B9-1474703D9DD0}"
EndProject
Project("{FAE04EC0-301F-11D3-BF4B-00C04F79EFBC}") = "ConsoleApp1", "sandbox\ConsoleApp1\ConsoleApp1.csproj", "{559A732A-2261-42ED-9272-41D251833DF6}"
EndProject
Project("{FAE04EC0-301F-11D3-BF4B-00C04F79EFBC}") = "RandomExtensions.Numerics", "src\RandomExtensions.Numerics\RandomExtensions.Numerics.csproj", "{B5DFC384-49F8-4593-BA66-8EF556293868}"
EndProject
Project("{FAE04EC0-301F-11D3-BF4B-00C04F79EFBC}") = "Benchmark", "sandbox\Benchmark\Benchmark.csproj", "{46E939EF-0F65-4AF2-9902-471065E62B45}"
EndProject
Project("{2150E333-8FDC-42A3-9474-1A3956D46DE8}") = "tests", "tests", "{F8776EC5-DF6E-4865-945F-E8E0D840E1A4}"
EndProject
Project("{FAE04EC0-301F-11D3-BF4B-00C04F79EFBC}") = "RandomExtensions.Tests", "tests\RandomExtensions.Tests\RandomExtensions.Tests.csproj", "{D2E46403-F887-41D2-9161-2E075F2F14E4}"
EndProject
Global
	GlobalSection(SolutionConfigurationPlatforms) = preSolution
		Debug|Any CPU = Debug|Any CPU
		Release|Any CPU = Release|Any CPU
	EndGlobalSection
	GlobalSection(SolutionProperties) = preSolution
		HideSolutionNode = FALSE
	EndGlobalSection
	GlobalSection(ProjectConfigurationPlatforms) = postSolution
		{A030838F-567F-44FA-AA38-CFBF5BB13B9B}.Debug|Any CPU.ActiveCfg = Debug|Any CPU
		{A030838F-567F-44FA-AA38-CFBF5BB13B9B}.Debug|Any CPU.Build.0 = Debug|Any CPU
		{A030838F-567F-44FA-AA38-CFBF5BB13B9B}.Release|Any CPU.ActiveCfg = Release|Any CPU
		{A030838F-567F-44FA-AA38-CFBF5BB13B9B}.Release|Any CPU.Build.0 = Release|Any CPU
		{559A732A-2261-42ED-9272-41D251833DF6}.Debug|Any CPU.ActiveCfg = Debug|Any CPU
		{559A732A-2261-42ED-9272-41D251833DF6}.Debug|Any CPU.Build.0 = Debug|Any CPU
		{559A732A-2261-42ED-9272-41D251833DF6}.Release|Any CPU.ActiveCfg = Release|Any CPU
		{559A732A-2261-42ED-9272-41D251833DF6}.Release|Any CPU.Build.0 = Release|Any CPU
		{B5DFC384-49F8-4593-BA66-8EF556293868}.Debug|Any CPU.ActiveCfg = Debug|Any CPU
		{B5DFC384-49F8-4593-BA66-8EF556293868}.Debug|Any CPU.Build.0 = Debug|Any CPU
		{B5DFC384-49F8-4593-BA66-8EF556293868}.Release|Any CPU.ActiveCfg = Release|Any CPU
		{B5DFC384-49F8-4593-BA66-8EF556293868}.Release|Any CPU.Build.0 = Release|Any CPU
		{46E939EF-0F65-4AF2-9902-471065E62B45}.Debug|Any CPU.ActiveCfg = Debug|Any CPU
		{46E939EF-0F65-4AF2-9902-471065E62B45}.Debug|Any CPU.Build.0 = Debug|Any CPU
		{46E939EF-0F65-4AF2-9902-471065E62B45}.Release|Any CPU.ActiveCfg = Release|Any CPU
		{46E939EF-0F65-4AF2-9902-471065E62B45}.Release|Any CPU.Build.0 = Release|Any CPU
		{D2E46403-F887-41D2-9161-2E075F2F14E4}.Debug|Any CPU.ActiveCfg = Debug|Any CPU
		{D2E46403-F887-41D2-9161-2E075F2F14E4}.Debug|Any CPU.Build.0 = Debug|Any CPU
		{D2E46403-F887-41D2-9161-2E075F2F14E4}.Release|Any CPU.ActiveCfg = Release|Any CPU
		{D2E46403-F887-41D2-9161-2E075F2F14E4}.Release|Any CPU.Build.0 = Release|Any CPU
	EndGlobalSection
	GlobalSection(NestedProjects) = preSolution
		{A030838F-567F-44FA-AA38-CFBF5BB13B9B} = {86D42D0B-BE8D-4BFC-83B7-75E4FB686114}
		{559A732A-2261-42ED-9272-41D251833DF6} = {3973C834-D7F0-4FCB-A1B9-1474703D9DD0}
		{B5DFC384-49F8-4593-BA66-8EF556293868} = {86D42D0B-BE8D-4BFC-83B7-75E4FB686114}
		{46E939EF-0F65-4AF2-9902-471065E62B45} = {3973C834-D7F0-4FCB-A1B9-1474703D9DD0}
		{D2E46403-F887-41D2-9161-2E075F2F14E4} = {F8776EC5-DF6E-4865-945F-E8E0D840E1A4}
	EndGlobalSection
EndGlobal
